
Microsoft Visual Studio Solution File, Format Version 12.00
# Visual Studio 15
VisualStudioVersion = 15.0.26730.15
MinimumVisualStudioVersion = 10.0.40219.1
Project("{FAE04EC0-301F-11D3-BF4B-00C04F79EFBC}") = "Palmtree.Applications", "Palmtree.Applications\Palmtree.Applications.csproj", "{7C5C43CB-C466-4847-B50C-07F6105D834F}"
EndProject
Project("{FAE04EC0-301F-11D3-BF4B-00C04F79EFBC}") = "TestApp", "TestApp\TestApp.csproj", "{619FC8FE-6FC9-4A12-8A54-E6E136B2C452}"
EndProject
Global
	GlobalSection(SolutionConfigurationPlatforms) = preSolution
		Debug|Any CPU = Debug|Any CPU
		Release|Any CPU = Release|Any CPU
	EndGlobalSection
	GlobalSection(ProjectConfigurationPlatforms) = postSolution
		{7C5C43CB-C466-4847-B50C-07F6105D834F}.Debug|Any CPU.ActiveCfg = Debug|Any CPU
		{7C5C43CB-C466-4847-B50C-07F6105D834F}.Debug|Any CPU.Build.0 = Debug|Any CPU
		{7C5C43CB-C466-4847-B50C-07F6105D834F}.Release|Any CPU.ActiveCfg = Release|Any CPU
		{7C5C43CB-C466-4847-B50C-07F6105D834F}.Release|Any CPU.Build.0 = Release|Any CPU
		{619FC8FE-6FC9-4A12-8A54-E6E136B2C452}.Debug|Any CPU.ActiveCfg = Debug|Any CPU
		{619FC8FE-6FC9-4A12-8A54-E6E136B2C452}.Debug|Any CPU.Build.0 = Debug|Any CPU
		{619FC8FE-6FC9-4A12-8A54-E6E136B2C452}.Release|Any CPU.ActiveCfg = Release|Any CPU
		{619FC8FE-6FC9-4A12-8A54-E6E136B2C452}.Release|Any CPU.Build.0 = Release|Any CPU
	EndGlobalSection
	GlobalSection(SolutionProperties) = preSolution
		HideSolutionNode = FALSE
	EndGlobalSection
	GlobalSection(ExtensibilityGlobals) = postSolution
		SolutionGuid = {ED76B55C-AB43-4F79-8EFF-552065A887CE}
	EndGlobalSection
EndGlobal
